
Microsoft Visual Studio Solution File, Format Version 12.00
# Visual Studio Version 17
VisualStudioVersion = 17.2.32519.379
MinimumVisualStudioVersion = 10.0.40219.1
Project("{FAE04EC0-301F-11D3-BF4B-00C04F79EFBC}") = "Super_Market", "Super_Market\Super_Market.csproj", "{AF123C24-5EB7-47AA-AEED-B47A5D47F255}"
EndProject
Global
	GlobalSection(SolutionConfigurationPlatforms) = preSolution
		Debug|Any CPU = Debug|Any CPU
		Release|Any CPU = Release|Any CPU
	EndGlobalSection
	GlobalSection(ProjectConfigurationPlatforms) = postSolution
		{AF123C24-5EB7-47AA-AEED-B47A5D47F255}.Debug|Any CPU.ActiveCfg = Debug|Any CPU
		{AF123C24-5EB7-47AA-AEED-B47A5D47F255}.Debug|Any CPU.Build.0 = Debug|Any CPU
		{AF123C24-5EB7-47AA-AEED-B47A5D47F255}.Release|Any CPU.ActiveCfg = Release|Any CPU
		{AF123C24-5EB7-47AA-AEED-B47A5D47F255}.Release|Any CPU.Build.0 = Release|Any CPU
	EndGlobalSection
	GlobalSection(SolutionProperties) = preSolution
		HideSolutionNode = FALSE
	EndGlobalSection
	GlobalSection(ExtensibilityGlobals) = postSolution
		SolutionGuid = {011F3055-177B-4E86-B9ED-94DA2AB9D73F}
	EndGlobalSection
EndGlobal
